
Microsoft Visual Studio Solution File, Format Version 12.00
# Visual Studio 15
VisualStudioVersion = 15.0.27004.2005
MinimumVisualStudioVersion = 10.0.40219.1
Project("{FAE04EC0-301F-11D3-BF4B-00C04F79EFBC}") = "PongGame", "PongGame\PongGame.csproj", "{823A9028-A6C6-489C-B863-4AA0D7CCD645}"
EndProject
Global
	GlobalSection(SolutionConfigurationPlatforms) = preSolution
		Debug|Any CPU = Debug|Any CPU
		Release|Any CPU = Release|Any CPU
	EndGlobalSection
	GlobalSection(ProjectConfigurationPlatforms) = postSolution
		{823A9028-A6C6-489C-B863-4AA0D7CCD645}.Debug|Any CPU.ActiveCfg = Debug|Any CPU
		{823A9028-A6C6-489C-B863-4AA0D7CCD645}.Debug|Any CPU.Build.0 = Debug|Any CPU
		{823A9028-A6C6-489C-B863-4AA0D7CCD645}.Release|Any CPU.ActiveCfg = Release|Any CPU
		{823A9028-A6C6-489C-B863-4AA0D7CCD645}.Release|Any CPU.Build.0 = Release|Any CPU
	EndGlobalSection
	GlobalSection(SolutionProperties) = preSolution
		HideSolutionNode = FALSE
	EndGlobalSection
	GlobalSection(ExtensibilityGlobals) = postSolution
		SolutionGuid = {65F85948-C2BB-41A1-9304-EA719A87B8C8}
	EndGlobalSection
EndGlobal
